// !$*UTF8*$!
{
	archiveVersion = 1;
	classes = {
	};
	objectVersion = 46;
	objects = {

/* Begin PBXBuildFile section */
		421501271D9F5FE1002839D1 /* Player.swift in Sources */ = {isa = PBXBuildFile; fileRef = 421501261D9F5FE1002839D1 /* Player.swift */; };
		42D7D98D1D80C557000691A4 /* AppDelegate.swift in Sources */ = {isa = PBXBuildFile; fileRef = 42D7D98C1D80C557000691A4 /* AppDelegate.swift */; };
		42D7D9921D80C557000691A4 /* Main.storyboard in Resources */ = {isa = PBXBuildFile; fileRef = 42D7D9901D80C557000691A4 /* Main.storyboard */; };
		42D7D9941D80C557000691A4 /* Assets.xcassets in Resources */ = {isa = PBXBuildFile; fileRef = 42D7D9931D80C557000691A4 /* Assets.xcassets */; };
		42D7D9971D80C557000691A4 /* LaunchScreen.storyboard in Resources */ = {isa = PBXBuildFile; fileRef = 42D7D9951D80C557000691A4 /* LaunchScreen.storyboard */; };
		42D7D9A21D80C557000691A4 /* PodcastTests.swift in Sources */ = {isa = PBXBuildFile; fileRef = 42D7D9A11D80C557000691A4 /* PodcastTests.swift */; };
		42D7D9AD1D80C557000691A4 /* PodcastUITests.swift in Sources */ = {isa = PBXBuildFile; fileRef = 42D7D9AC1D80C557000691A4 /* PodcastUITests.swift */; };
		42F684EB1D80CC7E0035217A /* PlayerViewController.swift in Sources */ = {isa = PBXBuildFile; fileRef = 42F684EA1D80CC7E0035217A /* PlayerViewController.swift */; };
		42F684ED1D80CC9F0035217A /* DiscoverViewController.swift in Sources */ = {isa = PBXBuildFile; fileRef = 42F684EC1D80CC9F0035217A /* DiscoverViewController.swift */; };
		491FF2E25A9F42FE8D15D30B /* libPods-PodcastTests.a in Frameworks */ = {isa = PBXBuildFile; fileRef = 8D0126C6335374E0716A495D /* libPods-PodcastTests.a */; };
		7F97FBD81D85A7120073FC0F /* Bolts.framework in Frameworks */ = {isa = PBXBuildFile; fileRef = 7F97FBD71D85A7120073FC0F /* Bolts.framework */; };
		7F97FBDA1D85A99F0073FC0F /* Constants.swift in Sources */ = {isa = PBXBuildFile; fileRef = 7F97FBD91D85A99F0073FC0F /* Constants.swift */; };
		7F97FBDC1D85A9E30073FC0F /* Extensions.swift in Sources */ = {isa = PBXBuildFile; fileRef = 7F97FBDB1D85A9E30073FC0F /* Extensions.swift */; };
		7F97FBDE1D8663000073FC0F /* REST.swift in Sources */ = {isa = PBXBuildFile; fileRef = 7F97FBDD1D8663000073FC0F /* REST.swift */; };
		7F9D0E971D85A37700D2BC1C /* LoginViewController.swift in Sources */ = {isa = PBXBuildFile; fileRef = 7F9D0E961D85A37700D2BC1C /* LoginViewController.swift */; };
		8220B4D554CAB0F878501388 /* libPods-PodcastUITests.a in Frameworks */ = {isa = PBXBuildFile; fileRef = 50480565D80816A67F66CD00 /* libPods-PodcastUITests.a */; };
		95F55B112EEF0A4C24EE7AA6 /* Pods_Podcast.framework in Frameworks */ = {isa = PBXBuildFile; fileRef = D8AE0B8B5C25FFEB0C3DF5AF /* Pods_Podcast.framework */; };
		D300C0921DAEF801000CDBF5 /* CategoriesFeedViewController.swift in Sources */ = {isa = PBXBuildFile; fileRef = D300C0911DAEF801000CDBF5 /* CategoriesFeedViewController.swift */; };
		D37D79A01DEF920000D752F0 /* SearchViewController.swift in Sources */ = {isa = PBXBuildFile; fileRef = D37D799F1DEF920000D752F0 /* SearchViewController.swift */; };
		D393D7551D8F0D0C00241460 /* DiscoverTableViewCell.swift in Sources */ = {isa = PBXBuildFile; fileRef = D393D7541D8F0D0C00241460 /* DiscoverTableViewCell.swift */; };
		D39BEE1B1D8A050100131936 /* Episode.swift in Sources */ = {isa = PBXBuildFile; fileRef = D39BEE1A1D8A050100131936 /* Episode.swift */; };
		D39BEE1D1D8A073200131936 /* Series.swift in Sources */ = {isa = PBXBuildFile; fileRef = D39BEE1C1D8A073200131936 /* Series.swift */; };
		D39BEE1F1D8A0B3B00131936 /* User.swift in Sources */ = {isa = PBXBuildFile; fileRef = D39BEE1E1D8A0B3B00131936 /* User.swift */; };
		D3DB5A651DA18FC600E550E8 /* CategoriesCollectionViewCell.swift in Sources */ = {isa = PBXBuildFile; fileRef = D3DB5A641DA18FC600E550E8 /* CategoriesCollectionViewCell.swift */; };
		D3DB5A681DA1B19800E550E8 /* PodcastCollectionViewFlowLayout.swift in Sources */ = {isa = PBXBuildFile; fileRef = D3DB5A671DA1B19800E550E8 /* PodcastCollectionViewFlowLayout.swift */; };
		FD015A001DCBFC80003E7B4E /* ProfileMiniHeader.swift in Sources */ = {isa = PBXBuildFile; fileRef = FD0159FF1DCBFC80003E7B4E /* ProfileMiniHeader.swift */; };
		FD8F7DFC1DDD20FC00DCC511 /* SeriesCollectionViewCell.swift in Sources */ = {isa = PBXBuildFile; fileRef = FD8F7DFB1DDD20FC00DCC511 /* SeriesCollectionViewCell.swift */; };
		FD8F7DFE1DDD36D600DCC511 /* ProfileSectionHeaderView.swift in Sources */ = {isa = PBXBuildFile; fileRef = FD8F7DFD1DDD36D600DCC511 /* ProfileSectionHeaderView.swift */; };
		FD9421421DB5307B00685E14 /* ProfileHeaderView.swift in Sources */ = {isa = PBXBuildFile; fileRef = FD9421411DB5307B00685E14 /* ProfileHeaderView.swift */; };
		FDF1D1CF1DAEE2E300697379 /* ProfileViewController.swift in Sources */ = {isa = PBXBuildFile; fileRef = FDF1D1CE1DAEE2E300697379 /* ProfileViewController.swift */; };
		FDF5E0CF1DD3A091005CCB53 /* FollowButton.swift in Sources */ = {isa = PBXBuildFile; fileRef = FDF5E0CE1DD3A091005CCB53 /* FollowButton.swift */; };
/* End PBXBuildFile section */

/* Begin PBXContainerItemProxy section */
		42D7D99E1D80C557000691A4 /* PBXContainerItemProxy */ = {
			isa = PBXContainerItemProxy;
			containerPortal = 42D7D9811D80C557000691A4 /* Project object */;
			proxyType = 1;
			remoteGlobalIDString = 42D7D9881D80C557000691A4;
			remoteInfo = Podcast;
		};
		42D7D9A91D80C557000691A4 /* PBXContainerItemProxy */ = {
			isa = PBXContainerItemProxy;
			containerPortal = 42D7D9811D80C557000691A4 /* Project object */;
			proxyType = 1;
			remoteGlobalIDString = 42D7D9881D80C557000691A4;
			remoteInfo = Podcast;
		};
/* End PBXContainerItemProxy section */

/* Begin PBXFileReference section */
		13C8D9A7A7FB0C3D27C81500 /* Pods-PodcastTests.debug.xcconfig */ = {isa = PBXFileReference; includeInIndex = 1; lastKnownFileType = text.xcconfig; name = "Pods-PodcastTests.debug.xcconfig"; path = "Pods/Target Support Files/Pods-PodcastTests/Pods-PodcastTests.debug.xcconfig"; sourceTree = "<group>"; };
		421501261D9F5FE1002839D1 /* Player.swift */ = {isa = PBXFileReference; fileEncoding = 4; lastKnownFileType = sourcecode.swift; path = Player.swift; sourceTree = "<group>"; };
		42D7D9891D80C557000691A4 /* Podcast.app */ = {isa = PBXFileReference; explicitFileType = wrapper.application; includeInIndex = 0; path = Podcast.app; sourceTree = BUILT_PRODUCTS_DIR; };
		42D7D98C1D80C557000691A4 /* AppDelegate.swift */ = {isa = PBXFileReference; lastKnownFileType = sourcecode.swift; path = AppDelegate.swift; sourceTree = "<group>"; };
		42D7D9911D80C557000691A4 /* Base */ = {isa = PBXFileReference; lastKnownFileType = file.storyboard; name = Base; path = Base.lproj/Main.storyboard; sourceTree = "<group>"; };
		42D7D9931D80C557000691A4 /* Assets.xcassets */ = {isa = PBXFileReference; lastKnownFileType = folder.assetcatalog; path = Assets.xcassets; sourceTree = "<group>"; };
		42D7D9961D80C557000691A4 /* Base */ = {isa = PBXFileReference; lastKnownFileType = file.storyboard; name = Base; path = Base.lproj/LaunchScreen.storyboard; sourceTree = "<group>"; };
		42D7D9981D80C557000691A4 /* Info.plist */ = {isa = PBXFileReference; lastKnownFileType = text.plist.xml; path = Info.plist; sourceTree = "<group>"; };
		42D7D99D1D80C557000691A4 /* PodcastTests.xctest */ = {isa = PBXFileReference; explicitFileType = wrapper.cfbundle; includeInIndex = 0; path = PodcastTests.xctest; sourceTree = BUILT_PRODUCTS_DIR; };
		42D7D9A11D80C557000691A4 /* PodcastTests.swift */ = {isa = PBXFileReference; lastKnownFileType = sourcecode.swift; path = PodcastTests.swift; sourceTree = "<group>"; };
		42D7D9A31D80C557000691A4 /* Info.plist */ = {isa = PBXFileReference; lastKnownFileType = text.plist.xml; path = Info.plist; sourceTree = "<group>"; };
		42D7D9A81D80C557000691A4 /* PodcastUITests.xctest */ = {isa = PBXFileReference; explicitFileType = wrapper.cfbundle; includeInIndex = 0; path = PodcastUITests.xctest; sourceTree = BUILT_PRODUCTS_DIR; };
		42D7D9AC1D80C557000691A4 /* PodcastUITests.swift */ = {isa = PBXFileReference; lastKnownFileType = sourcecode.swift; path = PodcastUITests.swift; sourceTree = "<group>"; };
		42D7D9AE1D80C557000691A4 /* Info.plist */ = {isa = PBXFileReference; lastKnownFileType = text.plist.xml; path = Info.plist; sourceTree = "<group>"; };
		42F684EA1D80CC7E0035217A /* PlayerViewController.swift */ = {isa = PBXFileReference; fileEncoding = 4; lastKnownFileType = sourcecode.swift; path = PlayerViewController.swift; sourceTree = "<group>"; };
		42F684EC1D80CC9F0035217A /* DiscoverViewController.swift */ = {isa = PBXFileReference; fileEncoding = 4; lastKnownFileType = sourcecode.swift; path = DiscoverViewController.swift; sourceTree = "<group>"; };
		50480565D80816A67F66CD00 /* libPods-PodcastUITests.a */ = {isa = PBXFileReference; explicitFileType = archive.ar; includeInIndex = 0; path = "libPods-PodcastUITests.a"; sourceTree = BUILT_PRODUCTS_DIR; };
		656B6E018BE7322B85C4C81E /* Pods-Podcast.release.xcconfig */ = {isa = PBXFileReference; includeInIndex = 1; lastKnownFileType = text.xcconfig; name = "Pods-Podcast.release.xcconfig"; path = "Pods/Target Support Files/Pods-Podcast/Pods-Podcast.release.xcconfig"; sourceTree = "<group>"; };
		79AC6EAE19760327EA7EFEA7 /* Pods-Podcast.debug.xcconfig */ = {isa = PBXFileReference; includeInIndex = 1; lastKnownFileType = text.xcconfig; name = "Pods-Podcast.debug.xcconfig"; path = "Pods/Target Support Files/Pods-Podcast/Pods-Podcast.debug.xcconfig"; sourceTree = "<group>"; };
		7B576EF91529B92863A60912 /* Pods-PodcastTests.release.xcconfig */ = {isa = PBXFileReference; includeInIndex = 1; lastKnownFileType = text.xcconfig; name = "Pods-PodcastTests.release.xcconfig"; path = "Pods/Target Support Files/Pods-PodcastTests/Pods-PodcastTests.release.xcconfig"; sourceTree = "<group>"; };
		7F97FBD71D85A7120073FC0F /* Bolts.framework */ = {isa = PBXFileReference; lastKnownFileType = wrapper.framework; path = Bolts.framework; sourceTree = "<group>"; };
		7F97FBD91D85A99F0073FC0F /* Constants.swift */ = {isa = PBXFileReference; fileEncoding = 4; lastKnownFileType = sourcecode.swift; path = Constants.swift; sourceTree = "<group>"; };
		7F97FBDB1D85A9E30073FC0F /* Extensions.swift */ = {isa = PBXFileReference; fileEncoding = 4; lastKnownFileType = sourcecode.swift; path = Extensions.swift; sourceTree = "<group>"; };
		7F97FBDD1D8663000073FC0F /* REST.swift */ = {isa = PBXFileReference; fileEncoding = 4; lastKnownFileType = sourcecode.swift; path = REST.swift; sourceTree = "<group>"; };
		7F9D0E8F1D85029C00D2BC1C /* Podcast-Bridging-Header.h */ = {isa = PBXFileReference; lastKnownFileType = sourcecode.c.h; path = "Podcast-Bridging-Header.h"; sourceTree = "<group>"; };
		7F9D0E961D85A37700D2BC1C /* LoginViewController.swift */ = {isa = PBXFileReference; fileEncoding = 4; lastKnownFileType = sourcecode.swift; path = LoginViewController.swift; sourceTree = "<group>"; };
		8D0126C6335374E0716A495D /* libPods-PodcastTests.a */ = {isa = PBXFileReference; explicitFileType = archive.ar; includeInIndex = 0; path = "libPods-PodcastTests.a"; sourceTree = BUILT_PRODUCTS_DIR; };
		9F263BC04D44D6AEA67E23B7 /* Pods-PodcastUITests.release.xcconfig */ = {isa = PBXFileReference; includeInIndex = 1; lastKnownFileType = text.xcconfig; name = "Pods-PodcastUITests.release.xcconfig"; path = "Pods/Target Support Files/Pods-PodcastUITests/Pods-PodcastUITests.release.xcconfig"; sourceTree = "<group>"; };
		BBACBBCAE0940AE3B3B1F11F /* Pods-PodcastUITests.debug.xcconfig */ = {isa = PBXFileReference; includeInIndex = 1; lastKnownFileType = text.xcconfig; name = "Pods-PodcastUITests.debug.xcconfig"; path = "Pods/Target Support Files/Pods-PodcastUITests/Pods-PodcastUITests.debug.xcconfig"; sourceTree = "<group>"; };
		D300C0911DAEF801000CDBF5 /* CategoriesFeedViewController.swift */ = {isa = PBXFileReference; fileEncoding = 4; lastKnownFileType = sourcecode.swift; path = CategoriesFeedViewController.swift; sourceTree = "<group>"; };
		D32277F01DF5527B00DD8AFE /* Podcast.entitlements */ = {isa = PBXFileReference; lastKnownFileType = text.plist.entitlements; path = Podcast.entitlements; sourceTree = "<group>"; };
		D37D799F1DEF920000D752F0 /* SearchViewController.swift */ = {isa = PBXFileReference; fileEncoding = 4; lastKnownFileType = sourcecode.swift; path = SearchViewController.swift; sourceTree = "<group>"; };
		D393D7541D8F0D0C00241460 /* DiscoverTableViewCell.swift */ = {isa = PBXFileReference; fileEncoding = 4; lastKnownFileType = sourcecode.swift; path = DiscoverTableViewCell.swift; sourceTree = "<group>"; };
		D39BEE1A1D8A050100131936 /* Episode.swift */ = {isa = PBXFileReference; fileEncoding = 4; lastKnownFileType = sourcecode.swift; path = Episode.swift; sourceTree = "<group>"; };
		D39BEE1C1D8A073200131936 /* Series.swift */ = {isa = PBXFileReference; fileEncoding = 4; lastKnownFileType = sourcecode.swift; path = Series.swift; sourceTree = "<group>"; };
		D39BEE1E1D8A0B3B00131936 /* User.swift */ = {isa = PBXFileReference; fileEncoding = 4; lastKnownFileType = sourcecode.swift; path = User.swift; sourceTree = "<group>"; };
		D3DB5A641DA18FC600E550E8 /* CategoriesCollectionViewCell.swift */ = {isa = PBXFileReference; fileEncoding = 4; lastKnownFileType = sourcecode.swift; path = CategoriesCollectionViewCell.swift; sourceTree = "<group>"; };
		D3DB5A671DA1B19800E550E8 /* PodcastCollectionViewFlowLayout.swift */ = {isa = PBXFileReference; fileEncoding = 4; lastKnownFileType = sourcecode.swift; path = PodcastCollectionViewFlowLayout.swift; sourceTree = "<group>"; };
		D8AE0B8B5C25FFEB0C3DF5AF /* Pods_Podcast.framework */ = {isa = PBXFileReference; explicitFileType = wrapper.framework; includeInIndex = 0; path = Pods_Podcast.framework; sourceTree = BUILT_PRODUCTS_DIR; };
		FD0159FF1DCBFC80003E7B4E /* ProfileMiniHeader.swift */ = {isa = PBXFileReference; fileEncoding = 4; lastKnownFileType = sourcecode.swift; path = ProfileMiniHeader.swift; sourceTree = "<group>"; };
		FD8F7DFB1DDD20FC00DCC511 /* SeriesCollectionViewCell.swift */ = {isa = PBXFileReference; fileEncoding = 4; lastKnownFileType = sourcecode.swift; path = SeriesCollectionViewCell.swift; sourceTree = "<group>"; };
		FD8F7DFD1DDD36D600DCC511 /* ProfileSectionHeaderView.swift */ = {isa = PBXFileReference; fileEncoding = 4; lastKnownFileType = sourcecode.swift; path = ProfileSectionHeaderView.swift; sourceTree = "<group>"; };
		FD9421411DB5307B00685E14 /* ProfileHeaderView.swift */ = {isa = PBXFileReference; fileEncoding = 4; lastKnownFileType = sourcecode.swift; path = ProfileHeaderView.swift; sourceTree = "<group>"; };
		FDF1D1CE1DAEE2E300697379 /* ProfileViewController.swift */ = {isa = PBXFileReference; fileEncoding = 4; lastKnownFileType = sourcecode.swift; path = ProfileViewController.swift; sourceTree = "<group>"; };
		FDF5E0CE1DD3A091005CCB53 /* FollowButton.swift */ = {isa = PBXFileReference; fileEncoding = 4; lastKnownFileType = sourcecode.swift; path = FollowButton.swift; sourceTree = "<group>"; };
/* End PBXFileReference section */

/* Begin PBXFrameworksBuildPhase section */
		42D7D9861D80C557000691A4 /* Frameworks */ = {
			isa = PBXFrameworksBuildPhase;
			buildActionMask = 2147483647;
			files = (
				7F97FBD81D85A7120073FC0F /* Bolts.framework in Frameworks */,
				95F55B112EEF0A4C24EE7AA6 /* Pods_Podcast.framework in Frameworks */,
			);
			runOnlyForDeploymentPostprocessing = 0;
		};
		42D7D99A1D80C557000691A4 /* Frameworks */ = {
			isa = PBXFrameworksBuildPhase;
			buildActionMask = 2147483647;
			files = (
				491FF2E25A9F42FE8D15D30B /* libPods-PodcastTests.a in Frameworks */,
			);
			runOnlyForDeploymentPostprocessing = 0;
		};
		42D7D9A51D80C557000691A4 /* Frameworks */ = {
			isa = PBXFrameworksBuildPhase;
			buildActionMask = 2147483647;
			files = (
				8220B4D554CAB0F878501388 /* libPods-PodcastUITests.a in Frameworks */,
			);
			runOnlyForDeploymentPostprocessing = 0;
		};
/* End PBXFrameworksBuildPhase section */

/* Begin PBXGroup section */
		42D7D9801D80C557000691A4 = {
			isa = PBXGroup;
			children = (
				42D7D98B1D80C557000691A4 /* Podcast */,
				42D7D9A01D80C557000691A4 /* PodcastTests */,
				42D7D9AB1D80C557000691A4 /* PodcastUITests */,
				42D7D98A1D80C557000691A4 /* Products */,
				F7FF34209949FFB26DEF7137 /* Pods */,
				96C3965CDA19CA3F6ED27FE4 /* Frameworks */,
			);
			sourceTree = "<group>";
		};
		42D7D98A1D80C557000691A4 /* Products */ = {
			isa = PBXGroup;
			children = (
				42D7D9891D80C557000691A4 /* Podcast.app */,
				42D7D99D1D80C557000691A4 /* PodcastTests.xctest */,
				42D7D9A81D80C557000691A4 /* PodcastUITests.xctest */,
			);
			name = Products;
			sourceTree = "<group>";
		};
		42D7D98B1D80C557000691A4 /* Podcast */ = {
			isa = PBXGroup;
			children = (
				D32277F01DF5527B00DD8AFE /* Podcast.entitlements */,
				D3DB5A661DA1B18200E550E8 /* Layout */,
				D3DB5A611DA1879F00E550E8 /* Utilities */,
				D393D7531D8F0CC600241460 /* Cells */,
				42D7D98C1D80C557000691A4 /* AppDelegate.swift */,
				FD9421401DB5306200685E14 /* Views */,
				D39BEE191D8A04C900131936 /* Models */,
				7F97FBDD1D8663000073FC0F /* REST.swift */,
				42F684EA1D80CC7E0035217A /* PlayerViewController.swift */,
				421501261D9F5FE1002839D1 /* Player.swift */,
				FDF1D1CE1DAEE2E300697379 /* ProfileViewController.swift */,
				42D7D9901D80C557000691A4 /* Main.storyboard */,
				42D7D9931D80C557000691A4 /* Assets.xcassets */,
				42D7D9951D80C557000691A4 /* LaunchScreen.storyboard */,
				42D7D9981D80C557000691A4 /* Info.plist */,
				42F684EC1D80CC9F0035217A /* DiscoverViewController.swift */,
				7F9D0E8F1D85029C00D2BC1C /* Podcast-Bridging-Header.h */,
				7F9D0E961D85A37700D2BC1C /* LoginViewController.swift */,
				D300C0911DAEF801000CDBF5 /* CategoriesFeedViewController.swift */,
				D37D799F1DEF920000D752F0 /* SearchViewController.swift */,
			);
			path = Podcast;
			sourceTree = "<group>";
		};
		42D7D9A01D80C557000691A4 /* PodcastTests */ = {
			isa = PBXGroup;
			children = (
				42D7D9A11D80C557000691A4 /* PodcastTests.swift */,
				42D7D9A31D80C557000691A4 /* Info.plist */,
			);
			path = PodcastTests;
			sourceTree = "<group>";
		};
		42D7D9AB1D80C557000691A4 /* PodcastUITests */ = {
			isa = PBXGroup;
			children = (
				42D7D9AC1D80C557000691A4 /* PodcastUITests.swift */,
				42D7D9AE1D80C557000691A4 /* Info.plist */,
			);
			path = PodcastUITests;
			sourceTree = "<group>";
		};
		96C3965CDA19CA3F6ED27FE4 /* Frameworks */ = {
			isa = PBXGroup;
			children = (
				7F97FBD71D85A7120073FC0F /* Bolts.framework */,
				D8AE0B8B5C25FFEB0C3DF5AF /* Pods_Podcast.framework */,
				8D0126C6335374E0716A495D /* libPods-PodcastTests.a */,
				50480565D80816A67F66CD00 /* libPods-PodcastUITests.a */,
			);
			name = Frameworks;
			sourceTree = "<group>";
		};
		D393D7531D8F0CC600241460 /* Cells */ = {
			isa = PBXGroup;
			children = (
				D393D7541D8F0D0C00241460 /* DiscoverTableViewCell.swift */,
				D3DB5A641DA18FC600E550E8 /* CategoriesCollectionViewCell.swift */,
				FD8F7DFB1DDD20FC00DCC511 /* SeriesCollectionViewCell.swift */,
			);
			name = Cells;
			sourceTree = "<group>";
		};
		D39BEE191D8A04C900131936 /* Models */ = {
			isa = PBXGroup;
			children = (
				D39BEE1A1D8A050100131936 /* Episode.swift */,
				D39BEE1C1D8A073200131936 /* Series.swift */,
				D39BEE1E1D8A0B3B00131936 /* User.swift */,
			);
			name = Models;
			sourceTree = "<group>";
		};
		D3DB5A611DA1879F00E550E8 /* Utilities */ = {
			isa = PBXGroup;
			children = (
				7F97FBD91D85A99F0073FC0F /* Constants.swift */,
				7F97FBDB1D85A9E30073FC0F /* Extensions.swift */,
			);
			name = Utilities;
			sourceTree = "<group>";
		};
		D3DB5A661DA1B18200E550E8 /* Layout */ = {
			isa = PBXGroup;
			children = (
				D3DB5A671DA1B19800E550E8 /* PodcastCollectionViewFlowLayout.swift */,
			);
			name = Layout;
			sourceTree = "<group>";
		};
		F7FF34209949FFB26DEF7137 /* Pods */ = {
			isa = PBXGroup;
			children = (
				79AC6EAE19760327EA7EFEA7 /* Pods-Podcast.debug.xcconfig */,
				656B6E018BE7322B85C4C81E /* Pods-Podcast.release.xcconfig */,
				13C8D9A7A7FB0C3D27C81500 /* Pods-PodcastTests.debug.xcconfig */,
				7B576EF91529B92863A60912 /* Pods-PodcastTests.release.xcconfig */,
				BBACBBCAE0940AE3B3B1F11F /* Pods-PodcastUITests.debug.xcconfig */,
				9F263BC04D44D6AEA67E23B7 /* Pods-PodcastUITests.release.xcconfig */,
			);
			name = Pods;
			sourceTree = "<group>";
		};
		FD9421401DB5306200685E14 /* Views */ = {
			isa = PBXGroup;
			children = (
				FD9421411DB5307B00685E14 /* ProfileHeaderView.swift */,
				FD0159FF1DCBFC80003E7B4E /* ProfileMiniHeader.swift */,
				FDF5E0CE1DD3A091005CCB53 /* FollowButton.swift */,
				FD8F7DFD1DDD36D600DCC511 /* ProfileSectionHeaderView.swift */,
			);
			name = Views;
			sourceTree = "<group>";
		};
/* End PBXGroup section */

/* Begin PBXNativeTarget section */
		42D7D9881D80C557000691A4 /* Podcast */ = {
			isa = PBXNativeTarget;
			buildConfigurationList = 42D7D9B11D80C557000691A4 /* Build configuration list for PBXNativeTarget "Podcast" */;
			buildPhases = (
				845C7914328D2D521866FB60 /* [CP] Check Pods Manifest.lock */,
				49E4A9519E6E045E62B76D2D /* [CP] Check Pods Manifest.lock */,
				42D7D9851D80C557000691A4 /* Sources */,
				42D7D9861D80C557000691A4 /* Frameworks */,
				42D7D9871D80C557000691A4 /* Resources */,
				2397F8FA94403082F22EC5D3 /* [CP] Embed Pods Frameworks */,
				FBE7F645F95486B194218805 /* [CP] Copy Pods Resources */,
				6A7994A671880DC4CFE6885A /* 📦 Embed Pods Frameworks */,
				1C308DE8BC4D2A788F855B03 /* 📦 Copy Pods Resources */,
			);
			buildRules = (
			);
			dependencies = (
			);
			name = Podcast;
			productName = Podcast;
			productReference = 42D7D9891D80C557000691A4 /* Podcast.app */;
			productType = "com.apple.product-type.application";
		};
		42D7D99C1D80C557000691A4 /* PodcastTests */ = {
			isa = PBXNativeTarget;
			buildConfigurationList = 42D7D9B41D80C557000691A4 /* Build configuration list for PBXNativeTarget "PodcastTests" */;
			buildPhases = (
				48898967F46B529D56984CE0 /* [CP] Check Pods Manifest.lock */,
				26276CC078729E608F010586 /* [CP] Check Pods Manifest.lock */,
				42D7D9991D80C557000691A4 /* Sources */,
				42D7D99A1D80C557000691A4 /* Frameworks */,
				42D7D99B1D80C557000691A4 /* Resources */,
				91E7A7D402F32775E6B67AEB /* [CP] Embed Pods Frameworks */,
				A1DEEC12ECF9E10C36A77DBA /* [CP] Copy Pods Resources */,
				1B2F0C57E88E1644BEDB7146 /* 📦 Embed Pods Frameworks */,
				BD93EE9F21636FD8822FF08B /* 📦 Copy Pods Resources */,
			);
			buildRules = (
			);
			dependencies = (
				42D7D99F1D80C557000691A4 /* PBXTargetDependency */,
			);
			name = PodcastTests;
			productName = PodcastTests;
			productReference = 42D7D99D1D80C557000691A4 /* PodcastTests.xctest */;
			productType = "com.apple.product-type.bundle.unit-test";
		};
		42D7D9A71D80C557000691A4 /* PodcastUITests */ = {
			isa = PBXNativeTarget;
			buildConfigurationList = 42D7D9B71D80C557000691A4 /* Build configuration list for PBXNativeTarget "PodcastUITests" */;
			buildPhases = (
				32F4B599D6B17E035DFD192A /* [CP] Check Pods Manifest.lock */,
				A427A6ACECC36ED4971EFCCF /* [CP] Check Pods Manifest.lock */,
				42D7D9A41D80C557000691A4 /* Sources */,
				42D7D9A51D80C557000691A4 /* Frameworks */,
				42D7D9A61D80C557000691A4 /* Resources */,
				EC0276E24C25C2645FA03C8E /* [CP] Copy Pods Resources */,
				8FCDAF329BD8F017A3A052A8 /* 📦 Copy Pods Resources */,
				376B806918EB2E4EFE3E9737 /* [CP] Embed Pods Frameworks */,
			);
			buildRules = (
			);
			dependencies = (
				42D7D9AA1D80C557000691A4 /* PBXTargetDependency */,
			);
			name = PodcastUITests;
			productName = PodcastUITests;
			productReference = 42D7D9A81D80C557000691A4 /* PodcastUITests.xctest */;
			productType = "com.apple.product-type.bundle.ui-testing";
		};
/* End PBXNativeTarget section */

/* Begin PBXProject section */
		42D7D9811D80C557000691A4 /* Project object */ = {
			isa = PBXProject;
			attributes = {
				LastSwiftUpdateCheck = 0730;
				LastUpgradeCheck = 0810;
				ORGANIZATIONNAME = "Cornell App Development";
				TargetAttributes = {
					42D7D9881D80C557000691A4 = {
						CreatedOnToolsVersion = 7.3.1;
						DevelopmentTeam = JM5V56A93B;
						LastSwiftMigration = 0800;
						SystemCapabilities = {
							com.apple.Keychain = {
								enabled = 1;
							};
						};
					};
					42D7D99C1D80C557000691A4 = {
						CreatedOnToolsVersion = 7.3.1;
						LastSwiftMigration = 0800;
						TestTargetID = 42D7D9881D80C557000691A4;
					};
					42D7D9A71D80C557000691A4 = {
						CreatedOnToolsVersion = 7.3.1;
						LastSwiftMigration = 0800;
						TestTargetID = 42D7D9881D80C557000691A4;
					};
				};
			};
			buildConfigurationList = 42D7D9841D80C557000691A4 /* Build configuration list for PBXProject "Podcast" */;
			compatibilityVersion = "Xcode 3.2";
			developmentRegion = English;
			hasScannedForEncodings = 0;
			knownRegions = (
				en,
				Base,
			);
			mainGroup = 42D7D9801D80C557000691A4;
			productRefGroup = 42D7D98A1D80C557000691A4 /* Products */;
			projectDirPath = "";
			projectRoot = "";
			targets = (
				42D7D9881D80C557000691A4 /* Podcast */,
				42D7D99C1D80C557000691A4 /* PodcastTests */,
				42D7D9A71D80C557000691A4 /* PodcastUITests */,
			);
		};
/* End PBXProject section */

/* Begin PBXResourcesBuildPhase section */
		42D7D9871D80C557000691A4 /* Resources */ = {
			isa = PBXResourcesBuildPhase;
			buildActionMask = 2147483647;
			files = (
				42D7D9971D80C557000691A4 /* LaunchScreen.storyboard in Resources */,
				42D7D9941D80C557000691A4 /* Assets.xcassets in Resources */,
				42D7D9921D80C557000691A4 /* Main.storyboard in Resources */,
			);
			runOnlyForDeploymentPostprocessing = 0;
		};
		42D7D99B1D80C557000691A4 /* Resources */ = {
			isa = PBXResourcesBuildPhase;
			buildActionMask = 2147483647;
			files = (
			);
			runOnlyForDeploymentPostprocessing = 0;
		};
		42D7D9A61D80C557000691A4 /* Resources */ = {
			isa = PBXResourcesBuildPhase;
			buildActionMask = 2147483647;
			files = (
			);
			runOnlyForDeploymentPostprocessing = 0;
		};
/* End PBXResourcesBuildPhase section */

/* Begin PBXShellScriptBuildPhase section */
		1B2F0C57E88E1644BEDB7146 /* 📦 Embed Pods Frameworks */ = {
			isa = PBXShellScriptBuildPhase;
			buildActionMask = 2147483647;
			files = (
			);
			inputPaths = (
			);
			name = "📦 Embed Pods Frameworks";
			outputPaths = (
			);
			runOnlyForDeploymentPostprocessing = 0;
			shellPath = /bin/sh;
			shellScript = "\"${SRCROOT}/Pods/Target Support Files/Pods-PodcastTests/Pods-PodcastTests-frameworks.sh\"\n";
			showEnvVarsInLog = 0;
		};
		1C308DE8BC4D2A788F855B03 /* 📦 Copy Pods Resources */ = {
			isa = PBXShellScriptBuildPhase;
			buildActionMask = 2147483647;
			files = (
			);
			inputPaths = (
			);
			name = "📦 Copy Pods Resources";
			outputPaths = (
			);
			runOnlyForDeploymentPostprocessing = 0;
			shellPath = /bin/sh;
			shellScript = "\"${SRCROOT}/Pods/Target Support Files/Pods-Podcast/Pods-Podcast-resources.sh\"\n";
			showEnvVarsInLog = 0;
		};
		2397F8FA94403082F22EC5D3 /* [CP] Embed Pods Frameworks */ = {
			isa = PBXShellScriptBuildPhase;
			buildActionMask = 2147483647;
			files = (
			);
			inputPaths = (
			);
			name = "[CP] Embed Pods Frameworks";
			outputPaths = (
			);
			runOnlyForDeploymentPostprocessing = 0;
			shellPath = /bin/sh;
			shellScript = "\"${SRCROOT}/Pods/Target Support Files/Pods-Podcast/Pods-Podcast-frameworks.sh\"\n";
			showEnvVarsInLog = 0;
		};
		26276CC078729E608F010586 /* [CP] Check Pods Manifest.lock */ = {
			isa = PBXShellScriptBuildPhase;
			buildActionMask = 2147483647;
			files = (
			);
			inputPaths = (
			);
			name = "[CP] Check Pods Manifest.lock";
			outputPaths = (
			);
			runOnlyForDeploymentPostprocessing = 0;
			shellPath = /bin/sh;
			shellScript = "diff \"${PODS_ROOT}/../Podfile.lock\" \"${PODS_ROOT}/Manifest.lock\" > /dev/null\nif [[ $? != 0 ]] ; then\n    cat << EOM\nerror: The sandbox is not in sync with the Podfile.lock. Run 'pod install' or update your CocoaPods installation.\nEOM\n    exit 1\nfi\n";
			showEnvVarsInLog = 0;
		};
		32F4B599D6B17E035DFD192A /* [CP] Check Pods Manifest.lock */ = {
			isa = PBXShellScriptBuildPhase;
			buildActionMask = 2147483647;
			files = (
			);
			inputPaths = (
			);
			name = "[CP] Check Pods Manifest.lock";
			outputPaths = (
			);
			runOnlyForDeploymentPostprocessing = 0;
			shellPath = /bin/sh;
			shellScript = "diff \"${PODS_ROOT}/../Podfile.lock\" \"${PODS_ROOT}/Manifest.lock\" > /dev/null\nif [[ $? != 0 ]] ; then\n    cat << EOM\nerror: The sandbox is not in sync with the Podfile.lock. Run 'pod install' or update your CocoaPods installation.\nEOM\n    exit 1\nfi\n";
			showEnvVarsInLog = 0;
		};
		376B806918EB2E4EFE3E9737 /* [CP] Embed Pods Frameworks */ = {
			isa = PBXShellScriptBuildPhase;
			buildActionMask = 2147483647;
			files = (
			);
			inputPaths = (
			);
			name = "[CP] Embed Pods Frameworks";
			outputPaths = (
			);
			runOnlyForDeploymentPostprocessing = 0;
			shellPath = /bin/sh;
			shellScript = "\"${SRCROOT}/Pods/Target Support Files/Pods-PodcastUITests/Pods-PodcastUITests-frameworks.sh\"\n";
			showEnvVarsInLog = 0;
		};
		48898967F46B529D56984CE0 /* [CP] Check Pods Manifest.lock */ = {
			isa = PBXShellScriptBuildPhase;
			buildActionMask = 2147483647;
			files = (
			);
			inputPaths = (
			);
			name = "[CP] Check Pods Manifest.lock";
			outputPaths = (
			);
			runOnlyForDeploymentPostprocessing = 0;
			shellPath = /bin/sh;
			shellScript = "diff \"${PODS_ROOT}/../Podfile.lock\" \"${PODS_ROOT}/Manifest.lock\" > /dev/null\nif [[ $? != 0 ]] ; then\n    cat << EOM\nerror: The sandbox is not in sync with the Podfile.lock. Run 'pod install' or update your CocoaPods installation.\nEOM\n    exit 1\nfi\n";
			showEnvVarsInLog = 0;
		};
		49E4A9519E6E045E62B76D2D /* [CP] Check Pods Manifest.lock */ = {
			isa = PBXShellScriptBuildPhase;
			buildActionMask = 2147483647;
			files = (
			);
			inputPaths = (
			);
			name = "[CP] Check Pods Manifest.lock";
			outputPaths = (
			);
			runOnlyForDeploymentPostprocessing = 0;
			shellPath = /bin/sh;
			shellScript = "diff \"${PODS_ROOT}/../Podfile.lock\" \"${PODS_ROOT}/Manifest.lock\" > /dev/null\nif [[ $? != 0 ]] ; then\n    cat << EOM\nerror: The sandbox is not in sync with the Podfile.lock. Run 'pod install' or update your CocoaPods installation.\nEOM\n    exit 1\nfi\n";
			showEnvVarsInLog = 0;
		};
		6A7994A671880DC4CFE6885A /* 📦 Embed Pods Frameworks */ = {
			isa = PBXShellScriptBuildPhase;
			buildActionMask = 2147483647;
			files = (
			);
			inputPaths = (
			);
			name = "📦 Embed Pods Frameworks";
			outputPaths = (
			);
			runOnlyForDeploymentPostprocessing = 0;
			shellPath = /bin/sh;
			shellScript = "\"${SRCROOT}/Pods/Target Support Files/Pods-Podcast/Pods-Podcast-frameworks.sh\"\n";
			showEnvVarsInLog = 0;
		};
		845C7914328D2D521866FB60 /* [CP] Check Pods Manifest.lock */ = {
			isa = PBXShellScriptBuildPhase;
			buildActionMask = 2147483647;
			files = (
			);
			inputPaths = (
			);
			name = "[CP] Check Pods Manifest.lock";
			outputPaths = (
			);
			runOnlyForDeploymentPostprocessing = 0;
			shellPath = /bin/sh;
			shellScript = "diff \"${PODS_ROOT}/../Podfile.lock\" \"${PODS_ROOT}/Manifest.lock\" > /dev/null\nif [[ $? != 0 ]] ; then\n    cat << EOM\nerror: The sandbox is not in sync with the Podfile.lock. Run 'pod install' or update your CocoaPods installation.\nEOM\n    exit 1\nfi\n";
			showEnvVarsInLog = 0;
		};
		8FCDAF329BD8F017A3A052A8 /* 📦 Copy Pods Resources */ = {
			isa = PBXShellScriptBuildPhase;
			buildActionMask = 2147483647;
			files = (
			);
			inputPaths = (
			);
			name = "📦 Copy Pods Resources";
			outputPaths = (
			);
			runOnlyForDeploymentPostprocessing = 0;
			shellPath = /bin/sh;
			shellScript = "\"${SRCROOT}/Pods/Target Support Files/Pods-PodcastUITests/Pods-PodcastUITests-resources.sh\"\n";
			showEnvVarsInLog = 0;
		};
		91E7A7D402F32775E6B67AEB /* [CP] Embed Pods Frameworks */ = {
			isa = PBXShellScriptBuildPhase;
			buildActionMask = 2147483647;
			files = (
			);
			inputPaths = (
			);
			name = "[CP] Embed Pods Frameworks";
			outputPaths = (
			);
			runOnlyForDeploymentPostprocessing = 0;
			shellPath = /bin/sh;
			shellScript = "\"${SRCROOT}/Pods/Target Support Files/Pods-PodcastTests/Pods-PodcastTests-frameworks.sh\"\n";
			showEnvVarsInLog = 0;
		};
		A1DEEC12ECF9E10C36A77DBA /* [CP] Copy Pods Resources */ = {
			isa = PBXShellScriptBuildPhase;
			buildActionMask = 2147483647;
			files = (
			);
			inputPaths = (
			);
			name = "[CP] Copy Pods Resources";
			outputPaths = (
			);
			runOnlyForDeploymentPostprocessing = 0;
			shellPath = /bin/sh;
			shellScript = "\"${SRCROOT}/Pods/Target Support Files/Pods-PodcastTests/Pods-PodcastTests-resources.sh\"\n";
			showEnvVarsInLog = 0;
		};
		A427A6ACECC36ED4971EFCCF /* [CP] Check Pods Manifest.lock */ = {
			isa = PBXShellScriptBuildPhase;
			buildActionMask = 2147483647;
			files = (
			);
			inputPaths = (
			);
			name = "[CP] Check Pods Manifest.lock";
			outputPaths = (
			);
			runOnlyForDeploymentPostprocessing = 0;
			shellPath = /bin/sh;
			shellScript = "diff \"${PODS_ROOT}/../Podfile.lock\" \"${PODS_ROOT}/Manifest.lock\" > /dev/null\nif [[ $? != 0 ]] ; then\n    cat << EOM\nerror: The sandbox is not in sync with the Podfile.lock. Run 'pod install' or update your CocoaPods installation.\nEOM\n    exit 1\nfi\n";
			showEnvVarsInLog = 0;
		};
		BD93EE9F21636FD8822FF08B /* 📦 Copy Pods Resources */ = {
			isa = PBXShellScriptBuildPhase;
			buildActionMask = 2147483647;
			files = (
			);
			inputPaths = (
			);
			name = "📦 Copy Pods Resources";
			outputPaths = (
			);
			runOnlyForDeploymentPostprocessing = 0;
			shellPath = /bin/sh;
			shellScript = "\"${SRCROOT}/Pods/Target Support Files/Pods-PodcastTests/Pods-PodcastTests-resources.sh\"\n";
			showEnvVarsInLog = 0;
		};
		EC0276E24C25C2645FA03C8E /* [CP] Copy Pods Resources */ = {
			isa = PBXShellScriptBuildPhase;
			buildActionMask = 2147483647;
			files = (
			);
			inputPaths = (
			);
			name = "[CP] Copy Pods Resources";
			outputPaths = (
			);
			runOnlyForDeploymentPostprocessing = 0;
			shellPath = /bin/sh;
			shellScript = "\"${SRCROOT}/Pods/Target Support Files/Pods-PodcastUITests/Pods-PodcastUITests-resources.sh\"\n";
			showEnvVarsInLog = 0;
		};
		FBE7F645F95486B194218805 /* [CP] Copy Pods Resources */ = {
			isa = PBXShellScriptBuildPhase;
			buildActionMask = 2147483647;
			files = (
			);
			inputPaths = (
			);
			name = "[CP] Copy Pods Resources";
			outputPaths = (
			);
			runOnlyForDeploymentPostprocessing = 0;
			shellPath = /bin/sh;
			shellScript = "\"${SRCROOT}/Pods/Target Support Files/Pods-Podcast/Pods-Podcast-resources.sh\"\n";
			showEnvVarsInLog = 0;
		};
/* End PBXShellScriptBuildPhase section */

/* Begin PBXSourcesBuildPhase section */
		42D7D9851D80C557000691A4 /* Sources */ = {
			isa = PBXSourcesBuildPhase;
			buildActionMask = 2147483647;
			files = (
				FDF5E0CF1DD3A091005CCB53 /* FollowButton.swift in Sources */,
				7F97FBDA1D85A99F0073FC0F /* Constants.swift in Sources */,
				D3DB5A681DA1B19800E550E8 /* PodcastCollectionViewFlowLayout.swift in Sources */,
				FD8F7DFE1DDD36D600DCC511 /* ProfileSectionHeaderView.swift in Sources */,
				D39BEE1B1D8A050100131936 /* Episode.swift in Sources */,
				7F97FBDC1D85A9E30073FC0F /* Extensions.swift in Sources */,
				7F9D0E971D85A37700D2BC1C /* LoginViewController.swift in Sources */,
				FD8F7DFC1DDD20FC00DCC511 /* SeriesCollectionViewCell.swift in Sources */,
				FD015A001DCBFC80003E7B4E /* ProfileMiniHeader.swift in Sources */,
				42F684ED1D80CC9F0035217A /* DiscoverViewController.swift in Sources */,
				D300C0921DAEF801000CDBF5 /* CategoriesFeedViewController.swift in Sources */,
				D3DB5A651DA18FC600E550E8 /* CategoriesCollectionViewCell.swift in Sources */,
				FD9421421DB5307B00685E14 /* ProfileHeaderView.swift in Sources */,
				D37D79A01DEF920000D752F0 /* SearchViewController.swift in Sources */,
				42D7D98D1D80C557000691A4 /* AppDelegate.swift in Sources */,
				D39BEE1D1D8A073200131936 /* Series.swift in Sources */,
				42F684EB1D80CC7E0035217A /* PlayerViewController.swift in Sources */,
				D39BEE1F1D8A0B3B00131936 /* User.swift in Sources */,
				FDF1D1CF1DAEE2E300697379 /* ProfileViewController.swift in Sources */,
				7F97FBDE1D8663000073FC0F /* REST.swift in Sources */,
				D393D7551D8F0D0C00241460 /* DiscoverTableViewCell.swift in Sources */,
				421501271D9F5FE1002839D1 /* Player.swift in Sources */,
			);
			runOnlyForDeploymentPostprocessing = 0;
		};
		42D7D9991D80C557000691A4 /* Sources */ = {
			isa = PBXSourcesBuildPhase;
			buildActionMask = 2147483647;
			files = (
				42D7D9A21D80C557000691A4 /* PodcastTests.swift in Sources */,
			);
			runOnlyForDeploymentPostprocessing = 0;
		};
		42D7D9A41D80C557000691A4 /* Sources */ = {
			isa = PBXSourcesBuildPhase;
			buildActionMask = 2147483647;
			files = (
				42D7D9AD1D80C557000691A4 /* PodcastUITests.swift in Sources */,
			);
			runOnlyForDeploymentPostprocessing = 0;
		};
/* End PBXSourcesBuildPhase section */

/* Begin PBXTargetDependency section */
		42D7D99F1D80C557000691A4 /* PBXTargetDependency */ = {
			isa = PBXTargetDependency;
			target = 42D7D9881D80C557000691A4 /* Podcast */;
			targetProxy = 42D7D99E1D80C557000691A4 /* PBXContainerItemProxy */;
		};
		42D7D9AA1D80C557000691A4 /* PBXTargetDependency */ = {
			isa = PBXTargetDependency;
			target = 42D7D9881D80C557000691A4 /* Podcast */;
			targetProxy = 42D7D9A91D80C557000691A4 /* PBXContainerItemProxy */;
		};
/* End PBXTargetDependency section */

/* Begin PBXVariantGroup section */
		42D7D9901D80C557000691A4 /* Main.storyboard */ = {
			isa = PBXVariantGroup;
			children = (
				42D7D9911D80C557000691A4 /* Base */,
			);
			name = Main.storyboard;
			sourceTree = "<group>";
		};
		42D7D9951D80C557000691A4 /* LaunchScreen.storyboard */ = {
			isa = PBXVariantGroup;
			children = (
				42D7D9961D80C557000691A4 /* Base */,
			);
			name = LaunchScreen.storyboard;
			sourceTree = "<group>";
		};
/* End PBXVariantGroup section */

/* Begin XCBuildConfiguration section */
		42D7D9AF1D80C557000691A4 /* Debug */ = {
			isa = XCBuildConfiguration;
			buildSettings = {
				ALWAYS_SEARCH_USER_PATHS = NO;
				CLANG_ANALYZER_NONNULL = YES;
				CLANG_CXX_LANGUAGE_STANDARD = "gnu++0x";
				CLANG_CXX_LIBRARY = "libc++";
				CLANG_ENABLE_MODULES = YES;
				CLANG_ENABLE_OBJC_ARC = YES;
				CLANG_WARN_BOOL_CONVERSION = YES;
				CLANG_WARN_CONSTANT_CONVERSION = YES;
				CLANG_WARN_DIRECT_OBJC_ISA_USAGE = YES_ERROR;
				CLANG_WARN_EMPTY_BODY = YES;
				CLANG_WARN_ENUM_CONVERSION = YES;
				CLANG_WARN_INFINITE_RECURSION = YES;
				CLANG_WARN_INT_CONVERSION = YES;
				CLANG_WARN_OBJC_ROOT_CLASS = YES_ERROR;
				CLANG_WARN_SUSPICIOUS_MOVE = YES;
				CLANG_WARN_UNREACHABLE_CODE = YES;
				CLANG_WARN__DUPLICATE_METHOD_MATCH = YES;
				"CODE_SIGN_IDENTITY[sdk=iphoneos*]" = "iPhone Developer";
				COPY_PHASE_STRIP = NO;
				DEBUG_INFORMATION_FORMAT = dwarf;
				ENABLE_STRICT_OBJC_MSGSEND = YES;
				ENABLE_TESTABILITY = YES;
				GCC_C_LANGUAGE_STANDARD = gnu99;
				GCC_DYNAMIC_NO_PIC = NO;
				GCC_NO_COMMON_BLOCKS = YES;
				GCC_OPTIMIZATION_LEVEL = 0;
				GCC_PREPROCESSOR_DEFINITIONS = (
					"DEBUG=1",
					"$(inherited)",
				);
				GCC_WARN_64_TO_32_BIT_CONVERSION = YES;
				GCC_WARN_ABOUT_RETURN_TYPE = YES_ERROR;
				GCC_WARN_UNDECLARED_SELECTOR = YES;
				GCC_WARN_UNINITIALIZED_AUTOS = YES_AGGRESSIVE;
				GCC_WARN_UNUSED_FUNCTION = YES;
				GCC_WARN_UNUSED_VARIABLE = YES;
				IPHONEOS_DEPLOYMENT_TARGET = 10.0;
				MTL_ENABLE_DEBUG_INFO = YES;
				ONLY_ACTIVE_ARCH = YES;
				SDKROOT = iphoneos;
				SWIFT_OPTIMIZATION_LEVEL = "-Onone";
			};
			name = Debug;
		};
		42D7D9B01D80C557000691A4 /* Release */ = {
			isa = XCBuildConfiguration;
			buildSettings = {
				ALWAYS_SEARCH_USER_PATHS = NO;
				CLANG_ANALYZER_NONNULL = YES;
				CLANG_CXX_LANGUAGE_STANDARD = "gnu++0x";
				CLANG_CXX_LIBRARY = "libc++";
				CLANG_ENABLE_MODULES = YES;
				CLANG_ENABLE_OBJC_ARC = YES;
				CLANG_WARN_BOOL_CONVERSION = YES;
				CLANG_WARN_CONSTANT_CONVERSION = YES;
				CLANG_WARN_DIRECT_OBJC_ISA_USAGE = YES_ERROR;
				CLANG_WARN_EMPTY_BODY = YES;
				CLANG_WARN_ENUM_CONVERSION = YES;
				CLANG_WARN_INFINITE_RECURSION = YES;
				CLANG_WARN_INT_CONVERSION = YES;
				CLANG_WARN_OBJC_ROOT_CLASS = YES_ERROR;
				CLANG_WARN_SUSPICIOUS_MOVE = YES;
				CLANG_WARN_UNREACHABLE_CODE = YES;
				CLANG_WARN__DUPLICATE_METHOD_MATCH = YES;
				"CODE_SIGN_IDENTITY[sdk=iphoneos*]" = "iPhone Developer";
				COPY_PHASE_STRIP = NO;
				DEBUG_INFORMATION_FORMAT = "dwarf-with-dsym";
				ENABLE_NS_ASSERTIONS = NO;
				ENABLE_STRICT_OBJC_MSGSEND = YES;
				GCC_C_LANGUAGE_STANDARD = gnu99;
				GCC_NO_COMMON_BLOCKS = YES;
				GCC_WARN_64_TO_32_BIT_CONVERSION = YES;
				GCC_WARN_ABOUT_RETURN_TYPE = YES_ERROR;
				GCC_WARN_UNDECLARED_SELECTOR = YES;
				GCC_WARN_UNINITIALIZED_AUTOS = YES_AGGRESSIVE;
				GCC_WARN_UNUSED_FUNCTION = YES;
				GCC_WARN_UNUSED_VARIABLE = YES;
				IPHONEOS_DEPLOYMENT_TARGET = 10.0;
				MTL_ENABLE_DEBUG_INFO = NO;
				SDKROOT = iphoneos;
				SWIFT_OPTIMIZATION_LEVEL = "-Owholemodule";
				VALIDATE_PRODUCT = YES;
			};
			name = Release;
		};
		42D7D9B21D80C557000691A4 /* Debug */ = {
			isa = XCBuildConfiguration;
			baseConfigurationReference = 79AC6EAE19760327EA7EFEA7 /* Pods-Podcast.debug.xcconfig */;
			buildSettings = {
				ALWAYS_EMBED_SWIFT_STANDARD_LIBRARIES = YES;
				ASSETCATALOG_COMPILER_APPICON_NAME = AppIcon;
				CLANG_ENABLE_MODULES = YES;
				CODE_SIGN_ENTITLEMENTS = Podcast/Podcast.entitlements;
				DEVELOPMENT_TEAM = JM5V56A93B;
				FRAMEWORK_SEARCH_PATHS = (
					"$(inherited)",
					"$(PROJECT_DIR)",
				);
				INFOPLIST_FILE = Podcast/Info.plist;
				LD_RUNPATH_SEARCH_PATHS = "$(inherited) @executable_path/Frameworks";
				PRODUCT_BUNDLE_IDENTIFIER = org.cuappdev.podcast.Podcast;
				PRODUCT_NAME = "$(TARGET_NAME)";
				SWIFT_OBJC_BRIDGING_HEADER = "Podcast/Podcast-Bridging-Header.h";
				SWIFT_OPTIMIZATION_LEVEL = "-Onone";
				SWIFT_VERSION = 3.0;
			};
			name = Debug;
		};
		42D7D9B31D80C557000691A4 /* Release */ = {
			isa = XCBuildConfiguration;
			baseConfigurationReference = 656B6E018BE7322B85C4C81E /* Pods-Podcast.release.xcconfig */;
			buildSettings = {
				ALWAYS_EMBED_SWIFT_STANDARD_LIBRARIES = YES;
				ASSETCATALOG_COMPILER_APPICON_NAME = AppIcon;
				CLANG_ENABLE_MODULES = YES;
				CODE_SIGN_ENTITLEMENTS = Podcast/Podcast.entitlements;
				DEVELOPMENT_TEAM = JM5V56A93B;
				FRAMEWORK_SEARCH_PATHS = (
					"$(inherited)",
					"$(PROJECT_DIR)",
				);
				INFOPLIST_FILE = Podcast/Info.plist;
				LD_RUNPATH_SEARCH_PATHS = "$(inherited) @executable_path/Frameworks";
				PRODUCT_BUNDLE_IDENTIFIER = org.cuappdev.podcast.Podcast;
				PRODUCT_NAME = "$(TARGET_NAME)";
				SWIFT_OBJC_BRIDGING_HEADER = "Podcast/Podcast-Bridging-Header.h";
				SWIFT_VERSION = 3.0;
			};
			name = Release;
		};
		42D7D9B51D80C557000691A4 /* Debug */ = {
			isa = XCBuildConfiguration;
			baseConfigurationReference = 13C8D9A7A7FB0C3D27C81500 /* Pods-PodcastTests.debug.xcconfig */;
			buildSettings = {
				BUNDLE_LOADER = "$(TEST_HOST)";
				INFOPLIST_FILE = PodcastTests/Info.plist;
				LD_RUNPATH_SEARCH_PATHS = "$(inherited) @executable_path/Frameworks @loader_path/Frameworks";
				PRODUCT_BUNDLE_IDENTIFIER = org.cuappdev.podcast.PodcastTests;
				PRODUCT_NAME = "$(TARGET_NAME)";
				SWIFT_VERSION = 3.0;
				TEST_HOST = "$(BUILT_PRODUCTS_DIR)/Podcast.app/Podcast";
			};
			name = Debug;
		};
		42D7D9B61D80C557000691A4 /* Release */ = {
			isa = XCBuildConfiguration;
			baseConfigurationReference = 7B576EF91529B92863A60912 /* Pods-PodcastTests.release.xcconfig */;
			buildSettings = {
				BUNDLE_LOADER = "$(TEST_HOST)";
				INFOPLIST_FILE = PodcastTests/Info.plist;
				LD_RUNPATH_SEARCH_PATHS = "$(inherited) @executable_path/Frameworks @loader_path/Frameworks";
				PRODUCT_BUNDLE_IDENTIFIER = org.cuappdev.podcast.PodcastTests;
				PRODUCT_NAME = "$(TARGET_NAME)";
				SWIFT_VERSION = 3.0;
				TEST_HOST = "$(BUILT_PRODUCTS_DIR)/Podcast.app/Podcast";
			};
			name = Release;
		};
		42D7D9B81D80C557000691A4 /* Debug */ = {
			isa = XCBuildConfiguration;
			baseConfigurationReference = BBACBBCAE0940AE3B3B1F11F /* Pods-PodcastUITests.debug.xcconfig */;
			buildSettings = {
				INFOPLIST_FILE = PodcastUITests/Info.plist;
				LD_RUNPATH_SEARCH_PATHS = "$(inherited) @executable_path/Frameworks @loader_path/Frameworks";
				PRODUCT_BUNDLE_IDENTIFIER = org.cuappdev.podcast.PodcastUITests;
				PRODUCT_NAME = "$(TARGET_NAME)";
				SWIFT_VERSION = 3.0;
				TEST_TARGET_NAME = Podcast;
			};
			name = Debug;
		};
		42D7D9B91D80C557000691A4 /* Release */ = {
			isa = XCBuildConfiguration;
			baseConfigurationReference = 9F263BC04D44D6AEA67E23B7 /* Pods-PodcastUITests.release.xcconfig */;
			buildSettings = {
				INFOPLIST_FILE = PodcastUITests/Info.plist;
				LD_RUNPATH_SEARCH_PATHS = "$(inherited) @executable_path/Frameworks @loader_path/Frameworks";
				PRODUCT_BUNDLE_IDENTIFIER = org.cuappdev.podcast.PodcastUITests;
				PRODUCT_NAME = "$(TARGET_NAME)";
				SWIFT_VERSION = 3.0;
				TEST_TARGET_NAME = Podcast;
			};
			name = Release;
		};
/* End XCBuildConfiguration section */

/* Begin XCConfigurationList section */
		42D7D9841D80C557000691A4 /* Build configuration list for PBXProject "Podcast" */ = {
			isa = XCConfigurationList;
			buildConfigurations = (
				42D7D9AF1D80C557000691A4 /* Debug */,
				42D7D9B01D80C557000691A4 /* Release */,
			);
			defaultConfigurationIsVisible = 0;
			defaultConfigurationName = Release;
		};
		42D7D9B11D80C557000691A4 /* Build configuration list for PBXNativeTarget "Podcast" */ = {
			isa = XCConfigurationList;
			buildConfigurations = (
				42D7D9B21D80C557000691A4 /* Debug */,
				42D7D9B31D80C557000691A4 /* Release */,
			);
			defaultConfigurationIsVisible = 0;
			defaultConfigurationName = Release;
		};
		42D7D9B41D80C557000691A4 /* Build configuration list for PBXNativeTarget "PodcastTests" */ = {
			isa = XCConfigurationList;
			buildConfigurations = (
				42D7D9B51D80C557000691A4 /* Debug */,
				42D7D9B61D80C557000691A4 /* Release */,
			);
			defaultConfigurationIsVisible = 0;
			defaultConfigurationName = Release;
		};
		42D7D9B71D80C557000691A4 /* Build configuration list for PBXNativeTarget "PodcastUITests" */ = {
			isa = XCConfigurationList;
			buildConfigurations = (
				42D7D9B81D80C557000691A4 /* Debug */,
				42D7D9B91D80C557000691A4 /* Release */,
			);
			defaultConfigurationIsVisible = 0;
			defaultConfigurationName = Release;
		};
/* End XCConfigurationList section */
	};
	rootObject = 42D7D9811D80C557000691A4 /* Project object */;
}
